# This file is generated by running "yarn install" inside your project.
# Manual changes might be lost - proceed with caution!

__metadata:
  version: 6
  cacheKey: 8

"@discordjs/builders@npm:^0.16.0":
  version: 0.16.0
  resolution: "@discordjs/builders@npm:0.16.0"
  dependencies:
    "@sapphire/shapeshift": ^3.5.1
    discord-api-types: ^0.36.2
    fast-deep-equal: ^3.1.3
    ts-mixer: ^6.0.1
    tslib: ^2.4.0
  checksum: bf7ab00924bf84678c139b32c3b6bda16d62f190a1674ebaa4ec8767c7105890b1375716296037306661e138fe1c09c535b3141a047b7fceafaa92937a76cb8b
  languageName: node
  linkType: hard

"@discordjs/collection@npm:^0.7.0":
  version: 0.7.0
  resolution: "@discordjs/collection@npm:0.7.0"
  checksum: 141aa35a5433bacba3617b533557b4948388c7b59cdaecee51ccd721c1b9242e50d95bdef53ee2491535a017095f5072ace3c3e9e594193f67a1c5a8a4b7db93
  languageName: node
  linkType: hard

"@sapphire/async-queue@npm:^1.5.0":
  version: 1.5.2
  resolution: "@sapphire/async-queue@npm:1.5.2"
  checksum: 6252e72254f33c91da4887e324f17b59708b12c603216cc45f001460fd33265844301de47ab67c8caf8383ee280b39c8427ede242bd3b50b6ccdf13a386a5f1b
  languageName: node
  linkType: hard

"@sapphire/shapeshift@npm:^3.5.1":
  version: 3.9.7
  resolution: "@sapphire/shapeshift@npm:3.9.7"
  dependencies:
    fast-deep-equal: ^3.1.3
    lodash: ^4.17.21
  checksum: a36032ff8fc54056ea21e0cdbbea84c3d80c0c0fb19b2685e14e29111ab9c1172c9273e1e54d49e2a62ba5a393f18b3dab9330d34b97d3519d572e32dd64913d
  languageName: node
  linkType: hard

"@types/node-fetch@npm:^2.6.2":
  version: 2.6.11
  resolution: "@types/node-fetch@npm:2.6.11"
  dependencies:
    "@types/node": "*"
    form-data: ^4.0.0
  checksum: 180e4d44c432839bdf8a25251ef8c47d51e37355ddd78c64695225de8bc5dc2b50b7bb855956d471c026bb84bd7295688a0960085e7158cbbba803053492568b
  languageName: node
  linkType: hard

"@types/node@npm:*":
  version: 20.14.4
  resolution: "@types/node@npm:20.14.4"
  dependencies:
    undici-types: ~5.26.4
  checksum: 6835befa151830c0c60387f7bf2d72af8123dfc2e646e5373c1655e681d3a62957097493d0f94cafb62ef6106b880d1f62889dbd98de9d5252327ce6ffbcadb9
  languageName: node
  linkType: hard

"@types/ws@npm:^8.5.3":
  version: 8.5.10
  resolution: "@types/ws@npm:8.5.10"
  dependencies:
    "@types/node": "*"
  checksum: 3ec416ea2be24042ebd677932a462cf16d2080393d8d7d0b1b3f5d6eaa4a7387aaf0eefb99193c0bfd29444857cf2e0c3ac89899e130550dc6c14ada8a46d25e
  languageName: node
  linkType: hard

"asynckit@npm:^0.4.0":
  version: 0.4.0
  resolution: "asynckit@npm:0.4.0"
  checksum: 7b78c451df768adba04e2d02e63e2d0bf3b07adcd6e42b4cf665cb7ce899bedd344c69a1dcbce355b5f972d597b25aaa1c1742b52cffd9caccb22f348114f6be
  languageName: node
  linkType: hard

"combined-stream@npm:^1.0.8":
  version: 1.0.8
  resolution: "combined-stream@npm:1.0.8"
  dependencies:
    delayed-stream: ~1.0.0
  checksum: 49fa4aeb4916567e33ea81d088f6584749fc90c7abec76fd516bf1c5aa5c79f3584b5ba3de6b86d26ddd64bae5329c4c7479343250cfe71c75bb366eae53bb7c
  languageName: node
  linkType: hard

"delayed-stream@npm:~1.0.0":
  version: 1.0.0
  resolution: "delayed-stream@npm:1.0.0"
  checksum: 46fe6e83e2cb1d85ba50bd52803c68be9bd953282fa7096f51fc29edd5d67ff84ff753c51966061e5ba7cb5e47ef6d36a91924eddb7f3f3483b1c560f77a0020
  languageName: node
  linkType: hard

"discord-api-types@npm:^0.33.5":
  version: 0.33.5
  resolution: "discord-api-types@npm:0.33.5"
  checksum: 6dcaad640c5693a69c9a4f5e444e739dde11ba835164ae6fd3dd5a1ab7b4d7f96cd022ed653eeaff2c8051ead0d998a5d502a2915cfacdde596364b82d9e3b3f
  languageName: node
  linkType: hard

"discord-api-types@npm:^0.36.2":
  version: 0.36.3
  resolution: "discord-api-types@npm:0.36.3"
  checksum: 3089c0fb37425dc5df03c76d82988d43fcc272699b06a02fc830d0a3bef550009aaebdf6d646529e8a7ccea76ae3f43b099d736ea5ef37a0be143142ab49871d
  languageName: node
  linkType: hard

"discord.js@npm:13.14.0":
  version: 13.14.0
  resolution: "discord.js@npm:13.14.0"
  dependencies:
    "@discordjs/builders": ^0.16.0
    "@discordjs/collection": ^0.7.0
    "@sapphire/async-queue": ^1.5.0
    "@types/node-fetch": ^2.6.2
    "@types/ws": ^8.5.3
    discord-api-types: ^0.33.5
    form-data: ^4.0.0
    node-fetch: ^2.6.7
    ws: ^8.9.0
  checksum: 1eb64e121b2c473f13e9a92639341594f69b4c91f3b616e0942e4123bb8f5696587f6c9d31fe2257273c7923488ff3c530795a144abf91df16e79e2ce84c9597
  languageName: node
  linkType: hard

"fast-deep-equal@npm:^3.1.3":
  version: 3.1.3
  resolution: "fast-deep-equal@npm:3.1.3"
  checksum: e21a9d8d84f53493b6aa15efc9cfd53dd5b714a1f23f67fb5dc8f574af80df889b3bce25dc081887c6d25457cce704e636395333abad896ccdec03abaf1f3f9d
  languageName: node
  linkType: hard

"form-data@npm:^4.0.0":
  version: 4.0.0
  resolution: "form-data@npm:4.0.0"
  dependencies:
    asynckit: ^0.4.0
    combined-stream: ^1.0.8
    mime-types: ^2.1.12
  checksum: 01135bf8675f9d5c61ff18e2e2932f719ca4de964e3be90ef4c36aacfc7b9cb2fceb5eca0b7e0190e3383fe51c5b37f4cb80b62ca06a99aaabfcfd6ac7c9328c
  languageName: node
  linkType: hard

"lodash@npm:^4.17.21":
  version: 4.17.21
  resolution: "lodash@npm:4.17.21"
  checksum: eb835a2e51d381e561e508ce932ea50a8e5a68f4ebdd771ea240d3048244a8d13658acbd502cd4829768c56f2e16bdd4340b9ea141297d472517b83868e677f7
  languageName: node
  linkType: hard

"mime-db@npm:1.52.0":
  version: 1.52.0
  resolution: "mime-db@npm:1.52.0"
  checksum: 0d99a03585f8b39d68182803b12ac601d9c01abfa28ec56204fa330bc9f3d1c5e14beb049bafadb3dbdf646dfb94b87e24d4ec7b31b7279ef906a8ea9b6a513f
  languageName: node
  linkType: hard

"mime-types@npm:^2.1.12":
  version: 2.1.35
  resolution: "mime-types@npm:2.1.35"
  dependencies:
    mime-db: 1.52.0
  checksum: 89a5b7f1def9f3af5dad6496c5ed50191ae4331cc5389d7c521c8ad28d5fdad2d06fd81baf38fed813dc4e46bb55c8145bb0ff406330818c9cf712fb2e9b3836
  languageName: node
  linkType: hard

"node-fetch@npm:^2.6.7":
  version: 2.7.0
  resolution: "node-fetch@npm:2.7.0"
  dependencies:
    whatwg-url: ^5.0.0
  peerDependencies:
    encoding: ^0.1.0
  peerDependenciesMeta:
    encoding:
      optional: true
  checksum: d76d2f5edb451a3f05b15115ec89fc6be39de37c6089f1b6368df03b91e1633fd379a7e01b7ab05089a25034b2023d959b47e59759cb38d88341b2459e89d6e5
  languageName: node
  linkType: hard

"root-workspace-0b6124@workspace:.":
  version: 0.0.0-use.local
  resolution: "root-workspace-0b6124@workspace:."
  dependencies:
    discord.js: 13.14.0
  languageName: unknown
  linkType: soft

"tr46@npm:~0.0.3":
  version: 0.0.3
  resolution: "tr46@npm:0.0.3"
  checksum: 726321c5eaf41b5002e17ffbd1fb7245999a073e8979085dacd47c4b4e8068ff5777142fc6726d6ca1fd2ff16921b48788b87225cbc57c72636f6efa8efbffe3
  languageName: node
  linkType: hard

"ts-mixer@npm:^6.0.1":
  version: 6.0.4
  resolution: "ts-mixer@npm:6.0.4"
  checksum: 36b1af526befd74345e736e9aa16f5c28876ebcea07784da14d929149fd7e6028cfd2fe9304c8efe8cb91b588443a9cc9e991df58e4c6e602326edbaae2af3ab
  languageName: node
  linkType: hard

"tslib@npm:^2.4.0":
  version: 2.6.3
  resolution: "tslib@npm:2.6.3"
  checksum: 74fce0e100f1ebd95b8995fbbd0e6c91bdd8f4c35c00d4da62e285a3363aaa534de40a80db30ecfd388ed7c313c42d930ee0eaf108e8114214b180eec3dbe6f5
  languageName: node
  linkType: hard

"undici-types@npm:~5.26.4":
  version: 5.26.5
  resolution: "undici-types@npm:5.26.5"
  checksum: 3192ef6f3fd5df652f2dc1cd782b49d6ff14dc98e5dced492aa8a8c65425227da5da6aafe22523c67f035a272c599bb89cfe803c1db6311e44bed3042fc25487
  languageName: node
  linkType: hard

"webidl-conversions@npm:^3.0.0":
  version: 3.0.1
  resolution: "webidl-conversions@npm:3.0.1"
  checksum: c92a0a6ab95314bde9c32e1d0a6dfac83b578f8fa5f21e675bc2706ed6981bc26b7eb7e6a1fab158e5ce4adf9caa4a0aee49a52505d4d13c7be545f15021b17c
  languageName: node
  linkType: hard

"whatwg-url@npm:^5.0.0":
  version: 5.0.0
  resolution: "whatwg-url@npm:5.0.0"
  dependencies:
    tr46: ~0.0.3
    webidl-conversions: ^3.0.0
  checksum: b8daed4ad3356cc4899048a15b2c143a9aed0dfae1f611ebd55073310c7b910f522ad75d727346ad64203d7e6c79ef25eafd465f4d12775ca44b90fa82ed9e2c
  languageName: node
  linkType: hard

"ws@npm:^8.9.0":
  version: 8.17.1
  resolution: "ws@npm:8.17.1"
  peerDependencies:
    bufferutil: ^4.0.1
    utf-8-validate: ">=5.0.2"
  peerDependenciesMeta:
    bufferutil:
      optional: true
    utf-8-validate:
      optional: true
  checksum: 442badcce1f1178ec87a0b5372ae2e9771e07c4929a3180321901f226127f252441e8689d765aa5cfba5f50ac60dd830954afc5aeae81609aefa11d3ddf5cecf
  languageName: node
  linkType: hard
